// !$*UTF8*$!
{
	archiveVersion = 1;
	classes = {
	};
	objectVersion = 46;
	objects = {

/* Begin PBXBuildFile section */
		5ED7840D1EF2DFAC0088599C /* ViewController2.swift in Sources */ = {isa = PBXBuildFile; fileRef = 5ED7840C1EF2DFAC0088599C /* ViewController2.swift */; };
		5ED784111EF2E4D20088599C /* ViewControllerTable.swift in Sources */ = {isa = PBXBuildFile; fileRef = 5ED784101EF2E4D20088599C /* ViewControllerTable.swift */; };
		CC7E5E521EF2558300EEC608 /* AppDelegate.swift in Sources */ = {isa = PBXBuildFile; fileRef = CC7E5E511EF2558300EEC608 /* AppDelegate.swift */; };
		CC7E5E541EF2558300EEC608 /* ViewController.swift in Sources */ = {isa = PBXBuildFile; fileRef = CC7E5E531EF2558300EEC608 /* ViewController.swift */; };
		CC7E5E571EF2558300EEC608 /* Main.storyboard in Resources */ = {isa = PBXBuildFile; fileRef = CC7E5E551EF2558300EEC608 /* Main.storyboard */; };
		CC7E5E591EF2558300EEC608 /* Assets.xcassets in Resources */ = {isa = PBXBuildFile; fileRef = CC7E5E581EF2558300EEC608 /* Assets.xcassets */; };
		CC7E5E5C1EF2558300EEC608 /* LaunchScreen.storyboard in Resources */ = {isa = PBXBuildFile; fileRef = CC7E5E5A1EF2558300EEC608 /* LaunchScreen.storyboard */; };
		CC7E5E671EF2558300EEC608 /* numberButtonTests.swift in Sources */ = {isa = PBXBuildFile; fileRef = CC7E5E661EF2558300EEC608 /* numberButtonTests.swift */; };
		CC7E5E721EF2558300EEC608 /* numberButtonUITests.swift in Sources */ = {isa = PBXBuildFile; fileRef = CC7E5E711EF2558300EEC608 /* numberButtonUITests.swift */; };
/* End PBXBuildFile section */

/* Begin PBXContainerItemProxy section */
		CC7E5E631EF2558300EEC608 /* PBXContainerItemProxy */ = {
			isa = PBXContainerItemProxy;
			containerPortal = CC7E5E461EF2558200EEC608 /* Project object */;
			proxyType = 1;
			remoteGlobalIDString = CC7E5E4D1EF2558200EEC608;
			remoteInfo = numberButton;
		};
		CC7E5E6E1EF2558300EEC608 /* PBXContainerItemProxy */ = {
			isa = PBXContainerItemProxy;
			containerPortal = CC7E5E461EF2558200EEC608 /* Project object */;
			proxyType = 1;
			remoteGlobalIDString = CC7E5E4D1EF2558200EEC608;
			remoteInfo = numberButton;
		};
/* End PBXContainerItemProxy section */

/* Begin PBXFileReference section */
		5ED7840C1EF2DFAC0088599C /* ViewController2.swift */ = {isa = PBXFileReference; fileEncoding = 4; lastKnownFileType = sourcecode.swift; name = ViewController2.swift; path = ../ViewController2.swift; sourceTree = "<group>"; };
		5ED784101EF2E4D20088599C /* ViewControllerTable.swift */ = {isa = PBXFileReference; fileEncoding = 4; lastKnownFileType = sourcecode.swift; name = ViewControllerTable.swift; path = ../ViewControllerTable.swift; sourceTree = "<group>"; };
		CC7E5E4E1EF2558300EEC608 /* numberButton.app */ = {isa = PBXFileReference; explicitFileType = wrapper.application; includeInIndex = 0; path = numberButton.app; sourceTree = BUILT_PRODUCTS_DIR; };
		CC7E5E511EF2558300EEC608 /* AppDelegate.swift */ = {isa = PBXFileReference; lastKnownFileType = sourcecode.swift; path = AppDelegate.swift; sourceTree = "<group>"; };
		CC7E5E531EF2558300EEC608 /* ViewController.swift */ = {isa = PBXFileReference; lastKnownFileType = sourcecode.swift; path = ViewController.swift; sourceTree = "<group>"; };
		CC7E5E561EF2558300EEC608 /* Base */ = {isa = PBXFileReference; lastKnownFileType = file.storyboard; name = Base; path = Base.lproj/Main.storyboard; sourceTree = "<group>"; };
		CC7E5E581EF2558300EEC608 /* Assets.xcassets */ = {isa = PBXFileReference; lastKnownFileType = folder.assetcatalog; path = Assets.xcassets; sourceTree = "<group>"; };
		CC7E5E5B1EF2558300EEC608 /* Base */ = {isa = PBXFileReference; lastKnownFileType = file.storyboard; name = Base; path = Base.lproj/LaunchScreen.storyboard; sourceTree = "<group>"; };
		CC7E5E5D1EF2558300EEC608 /* Info.plist */ = {isa = PBXFileReference; lastKnownFileType = text.plist.xml; path = Info.plist; sourceTree = "<group>"; };
		CC7E5E621EF2558300EEC608 /* numberButtonTests.xctest */ = {isa = PBXFileReference; explicitFileType = wrapper.cfbundle; includeInIndex = 0; path = numberButtonTests.xctest; sourceTree = BUILT_PRODUCTS_DIR; };
		CC7E5E661EF2558300EEC608 /* numberButtonTests.swift */ = {isa = PBXFileReference; lastKnownFileType = sourcecode.swift; path = numberButtonTests.swift; sourceTree = "<group>"; };
		CC7E5E681EF2558300EEC608 /* Info.plist */ = {isa = PBXFileReference; lastKnownFileType = text.plist.xml; path = Info.plist; sourceTree = "<group>"; };
		CC7E5E6D1EF2558300EEC608 /* numberButtonUITests.xctest */ = {isa = PBXFileReference; explicitFileType = wrapper.cfbundle; includeInIndex = 0; path = numberButtonUITests.xctest; sourceTree = BUILT_PRODUCTS_DIR; };
		CC7E5E711EF2558300EEC608 /* numberButtonUITests.swift */ = {isa = PBXFileReference; lastKnownFileType = sourcecode.swift; path = numberButtonUITests.swift; sourceTree = "<group>"; };
		CC7E5E731EF2558300EEC608 /* Info.plist */ = {isa = PBXFileReference; lastKnownFileType = text.plist.xml; path = Info.plist; sourceTree = "<group>"; };
/* End PBXFileReference section */

/* Begin PBXFrameworksBuildPhase section */
		CC7E5E4B1EF2558200EEC608 /* Frameworks */ = {
			isa = PBXFrameworksBuildPhase;
			buildActionMask = 2147483647;
			files = (
			);
			runOnlyForDeploymentPostprocessing = 0;
		};
		CC7E5E5F1EF2558300EEC608 /* Frameworks */ = {
			isa = PBXFrameworksBuildPhase;
			buildActionMask = 2147483647;
			files = (
			);
			runOnlyForDeploymentPostprocessing = 0;
		};
		CC7E5E6A1EF2558300EEC608 /* Frameworks */ = {
			isa = PBXFrameworksBuildPhase;
			buildActionMask = 2147483647;
			files = (
			);
			runOnlyForDeploymentPostprocessing = 0;
		};
/* End PBXFrameworksBuildPhase section */

/* Begin PBXGroup section */
		CC7E5E451EF2558200EEC608 = {
			isa = PBXGroup;
			children = (
				CC7E5E501EF2558300EEC608 /* numberButton */,
				CC7E5E651EF2558300EEC608 /* numberButtonTests */,
				CC7E5E701EF2558300EEC608 /* numberButtonUITests */,
				CC7E5E4F1EF2558300EEC608 /* Products */,
			);
			sourceTree = "<group>";
		};
		CC7E5E4F1EF2558300EEC608 /* Products */ = {
			isa = PBXGroup;
			children = (
				CC7E5E4E1EF2558300EEC608 /* numberButton.app */,
				CC7E5E621EF2558300EEC608 /* numberButtonTests.xctest */,
				CC7E5E6D1EF2558300EEC608 /* numberButtonUITests.xctest */,
			);
			name = Products;
			sourceTree = "<group>";
		};
		CC7E5E501EF2558300EEC608 /* numberButton */ = {
			isa = PBXGroup;
			children = (
				5ED784101EF2E4D20088599C /* ViewControllerTable.swift */,
				5ED7840C1EF2DFAC0088599C /* ViewController2.swift */,
				CC7E5E511EF2558300EEC608 /* AppDelegate.swift */,
				CC7E5E531EF2558300EEC608 /* ViewController.swift */,
				CC7E5E551EF2558300EEC608 /* Main.storyboard */,
				CC7E5E581EF2558300EEC608 /* Assets.xcassets */,
				CC7E5E5A1EF2558300EEC608 /* LaunchScreen.storyboard */,
				CC7E5E5D1EF2558300EEC608 /* Info.plist */,
			);
			path = numberButton;
			sourceTree = "<group>";
		};
		CC7E5E651EF2558300EEC608 /* numberButtonTests */ = {
			isa = PBXGroup;
			children = (
				CC7E5E661EF2558300EEC608 /* numberButtonTests.swift */,
				CC7E5E681EF2558300EEC608 /* Info.plist */,
			);
			path = numberButtonTests;
			sourceTree = "<group>";
		};
		CC7E5E701EF2558300EEC608 /* numberButtonUITests */ = {
			isa = PBXGroup;
			children = (
				CC7E5E711EF2558300EEC608 /* numberButtonUITests.swift */,
				CC7E5E731EF2558300EEC608 /* Info.plist */,
			);
			path = numberButtonUITests;
			sourceTree = "<group>";
		};
/* End PBXGroup section */

/* Begin PBXNativeTarget section */
		CC7E5E4D1EF2558200EEC608 /* numberButton */ = {
			isa = PBXNativeTarget;
			buildConfigurationList = CC7E5E761EF2558300EEC608 /* Build configuration list for PBXNativeTarget "numberButton" */;
			buildPhases = (
				CC7E5E4A1EF2558200EEC608 /* Sources */,
				CC7E5E4B1EF2558200EEC608 /* Frameworks */,
				CC7E5E4C1EF2558200EEC608 /* Resources */,
			);
			buildRules = (
			);
			dependencies = (
			);
			name = numberButton;
			productName = numberButton;
			productReference = CC7E5E4E1EF2558300EEC608 /* numberButton.app */;
			productType = "com.apple.product-type.application";
		};
		CC7E5E611EF2558300EEC608 /* numberButtonTests */ = {
			isa = PBXNativeTarget;
			buildConfigurationList = CC7E5E791EF2558300EEC608 /* Build configuration list for PBXNativeTarget "numberButtonTests" */;
			buildPhases = (
				CC7E5E5E1EF2558300EEC608 /* Sources */,
				CC7E5E5F1EF2558300EEC608 /* Frameworks */,
				CC7E5E601EF2558300EEC608 /* Resources */,
			);
			buildRules = (
			);
			dependencies = (
				CC7E5E641EF2558300EEC608 /* PBXTargetDependency */,
			);
			name = numberButtonTests;
			productName = numberButtonTests;
			productReference = CC7E5E621EF2558300EEC608 /* numberButtonTests.xctest */;
			productType = "com.apple.product-type.bundle.unit-test";
		};
		CC7E5E6C1EF2558300EEC608 /* numberButtonUITests */ = {
			isa = PBXNativeTarget;
			buildConfigurationList = CC7E5E7C1EF2558300EEC608 /* Build configuration list for PBXNativeTarget "numberButtonUITests" */;
			buildPhases = (
				CC7E5E691EF2558300EEC608 /* Sources */,
				CC7E5E6A1EF2558300EEC608 /* Frameworks */,
				CC7E5E6B1EF2558300EEC608 /* Resources */,
			);
			buildRules = (
			);
			dependencies = (
				CC7E5E6F1EF2558300EEC608 /* PBXTargetDependency */,
			);
			name = numberButtonUITests;
			productName = numberButtonUITests;
			productReference = CC7E5E6D1EF2558300EEC608 /* numberButtonUITests.xctest */;
			productType = "com.apple.product-type.bundle.ui-testing";
		};
/* End PBXNativeTarget section */

/* Begin PBXProject section */
		CC7E5E461EF2558200EEC608 /* Project object */ = {
			isa = PBXProject;
			attributes = {
				LastSwiftUpdateCheck = 0830;
				LastUpgradeCheck = 0830;
				ORGANIZATIONNAME = "MIKE LAND";
				TargetAttributes = {
					CC7E5E4D1EF2558200EEC608 = {
						CreatedOnToolsVersion = 8.3.1;
						DevelopmentTeam = 5Z222Q68CQ;
						ProvisioningStyle = Automatic;
					};
					CC7E5E611EF2558300EEC608 = {
						CreatedOnToolsVersion = 8.3.1;
						DevelopmentTeam = 5Z222Q68CQ;
						ProvisioningStyle = Automatic;
						TestTargetID = CC7E5E4D1EF2558200EEC608;
					};
					CC7E5E6C1EF2558300EEC608 = {
						CreatedOnToolsVersion = 8.3.1;
						DevelopmentTeam = 5Z222Q68CQ;
						ProvisioningStyle = Automatic;
						TestTargetID = CC7E5E4D1EF2558200EEC608;
					};
				};
			};
			buildConfigurationList = CC7E5E491EF2558200EEC608 /* Build configuration list for PBXProject "numberButton" */;
			compatibilityVersion = "Xcode 3.2";
			developmentRegion = English;
			hasScannedForEncodings = 0;
			knownRegions = (
				en,
				Base,
			);
			mainGroup = CC7E5E451EF2558200EEC608;
			productRefGroup = CC7E5E4F1EF2558300EEC608 /* Products */;
			projectDirPath = "";
			projectRoot = "";
			targets = (
				CC7E5E4D1EF2558200EEC608 /* numberButton */,
				CC7E5E611EF2558300EEC608 /* numberButtonTests */,
				CC7E5E6C1EF2558300EEC608 /* numberButtonUITests */,
			);
		};
/* End PBXProject section */

/* Begin PBXResourcesBuildPhase section */
		CC7E5E4C1EF2558200EEC608 /* Resources */ = {
			isa = PBXResourcesBuildPhase;
			buildActionMask = 2147483647;
			files = (
				CC7E5E5C1EF2558300EEC608 /* LaunchScreen.storyboard in Resources */,
				CC7E5E591EF2558300EEC608 /* Assets.xcassets in Resources */,
				CC7E5E571EF2558300EEC608 /* Main.storyboard in Resources */,
			);
			runOnlyForDeploymentPostprocessing = 0;
		};
		CC7E5E601EF2558300EEC608 /* Resources */ = {
			isa = PBXResourcesBuildPhase;
			buildActionMask = 2147483647;
			files = (
			);
			runOnlyForDeploymentPostprocessing = 0;
		};
		CC7E5E6B1EF2558300EEC608 /* Resources */ = {
			isa = PBXResourcesBuildPhase;
			buildActionMask = 2147483647;
			files = (
			);
			runOnlyForDeploymentPostprocessing = 0;
		};
/* End PBXResourcesBuildPhase section */

/* Begin PBXSourcesBuildPhase section */
		CC7E5E4A1EF2558200EEC608 /* Sources */ = {
			isa = PBXSourcesBuildPhase;
			buildActionMask = 2147483647;
			files = (
				CC7E5E541EF2558300EEC608 /* ViewController.swift in Sources */,
				CC7E5E521EF2558300EEC608 /* AppDelegate.swift in Sources */,
				5ED7840D1EF2DFAC0088599C /* ViewController2.swift in Sources */,
				5ED784111EF2E4D20088599C /* ViewControllerTable.swift in Sources */,
			);
			runOnlyForDeploymentPostprocessing = 0;
		};
		CC7E5E5E1EF2558300EEC608 /* Sources */ = {
			isa = PBXSourcesBuildPhase;
			buildActionMask = 2147483647;
			files = (
				CC7E5E671EF2558300EEC608 /* numberButtonTests.swift in Sources */,
			);
			runOnlyForDeploymentPostprocessing = 0;
		};
		CC7E5E691EF2558300EEC608 /* Sources */ = {
			isa = PBXSourcesBuildPhase;
			buildActionMask = 2147483647;
			files = (
				CC7E5E721EF2558300EEC608 /* numberButtonUITests.swift in Sources */,
			);
			runOnlyForDeploymentPostprocessing = 0;
		};
/* End PBXSourcesBuildPhase section */

/* Begin PBXTargetDependency section */
		CC7E5E641EF2558300EEC608 /* PBXTargetDependency */ = {
			isa = PBXTargetDependency;
			target = CC7E5E4D1EF2558200EEC608 /* numberButton */;
			targetProxy = CC7E5E631EF2558300EEC608 /* PBXContainerItemProxy */;
		};
		CC7E5E6F1EF2558300EEC608 /* PBXTargetDependency */ = {
			isa = PBXTargetDependency;
			target = CC7E5E4D1EF2558200EEC608 /* numberButton */;
			targetProxy = CC7E5E6E1EF2558300EEC608 /* PBXContainerItemProxy */;
		};
/* End PBXTargetDependency section */

/* Begin PBXVariantGroup section */
		CC7E5E551EF2558300EEC608 /* Main.storyboard */ = {
			isa = PBXVariantGroup;
			children = (
				CC7E5E561EF2558300EEC608 /* Base */,
			);
			name = Main.storyboard;
			sourceTree = "<group>";
		};
		CC7E5E5A1EF2558300EEC608 /* LaunchScreen.storyboard */ = {
			isa = PBXVariantGroup;
			children = (
				CC7E5E5B1EF2558300EEC608 /* Base */,
			);
			name = LaunchScreen.storyboard;
			sourceTree = "<group>";
		};
/* End PBXVariantGroup section */

/* Begin XCBuildConfiguration section */
		CC7E5E741EF2558300EEC608 /* Debug */ = {
			isa = XCBuildConfiguration;
			buildSettings = {
				ALWAYS_SEARCH_USER_PATHS = NO;
				CLANG_ANALYZER_NONNULL = YES;
				CLANG_ANALYZER_NUMBER_OBJECT_CONVERSION = YES_AGGRESSIVE;
				CLANG_CXX_LANGUAGE_STANDARD = "gnu++0x";
				CLANG_CXX_LIBRARY = "libc++";
				CLANG_ENABLE_MODULES = YES;
				CLANG_ENABLE_OBJC_ARC = YES;
				CLANG_WARN_BOOL_CONVERSION = YES;
				CLANG_WARN_CONSTANT_CONVERSION = YES;
				CLANG_WARN_DIRECT_OBJC_ISA_USAGE = YES_ERROR;
				CLANG_WARN_DOCUMENTATION_COMMENTS = YES;
				CLANG_WARN_EMPTY_BODY = YES;
				CLANG_WARN_ENUM_CONVERSION = YES;
				CLANG_WARN_INFINITE_RECURSION = YES;
				CLANG_WARN_INT_CONVERSION = YES;
				CLANG_WARN_OBJC_ROOT_CLASS = YES_ERROR;
				CLANG_WARN_SUSPICIOUS_MOVE = YES;
				CLANG_WARN_UNREACHABLE_CODE = YES;
				CLANG_WARN__DUPLICATE_METHOD_MATCH = YES;
				"CODE_SIGN_IDENTITY[sdk=iphoneos*]" = "iPhone Developer";
				COPY_PHASE_STRIP = NO;
				DEBUG_INFORMATION_FORMAT = dwarf;
				ENABLE_STRICT_OBJC_MSGSEND = YES;
				ENABLE_TESTABILITY = YES;
				GCC_C_LANGUAGE_STANDARD = gnu99;
				GCC_DYNAMIC_NO_PIC = NO;
				GCC_NO_COMMON_BLOCKS = YES;
				GCC_OPTIMIZATION_LEVEL = 0;
				GCC_PREPROCESSOR_DEFINITIONS = (
					"DEBUG=1",
					"$(inherited)",
				);
				GCC_WARN_64_TO_32_BIT_CONVERSION = YES;
				GCC_WARN_ABOUT_RETURN_TYPE = YES_ERROR;
				GCC_WARN_UNDECLARED_SELECTOR = YES;
				GCC_WARN_UNINITIALIZED_AUTOS = YES_AGGRESSIVE;
				GCC_WARN_UNUSED_FUNCTION = YES;
				GCC_WARN_UNUSED_VARIABLE = YES;
				IPHONEOS_DEPLOYMENT_TARGET = 10.3;
				MTL_ENABLE_DEBUG_INFO = YES;
				ONLY_ACTIVE_ARCH = YES;
				SDKROOT = iphoneos;
				SWIFT_ACTIVE_COMPILATION_CONDITIONS = DEBUG;
				SWIFT_OPTIMIZATION_LEVEL = "-Onone";
			};
			name = Debug;
		};
		CC7E5E751EF2558300EEC608 /* Release */ = {
			isa = XCBuildConfiguration;
			buildSettings = {
				ALWAYS_SEARCH_USER_PATHS = NO;
				CLANG_ANALYZER_NONNULL = YES;
				CLANG_ANALYZER_NUMBER_OBJECT_CONVERSION = YES_AGGRESSIVE;
				CLANG_CXX_LANGUAGE_STANDARD = "gnu++0x";
				CLANG_CXX_LIBRARY = "libc++";
				CLANG_ENABLE_MODULES = YES;
				CLANG_ENABLE_OBJC_ARC = YES;
				CLANG_WARN_BOOL_CONVERSION = YES;
				CLANG_WARN_CONSTANT_CONVERSION = YES;
				CLANG_WARN_DIRECT_OBJC_ISA_USAGE = YES_ERROR;
				CLANG_WARN_DOCUMENTATION_COMMENTS = YES;
				CLANG_WARN_EMPTY_BODY = YES;
				CLANG_WARN_ENUM_CONVERSION = YES;
				CLANG_WARN_INFINITE_RECURSION = YES;
				CLANG_WARN_INT_CONVERSION = YES;
				CLANG_WARN_OBJC_ROOT_CLASS = YES_ERROR;
				CLANG_WARN_SUSPICIOUS_MOVE = YES;
				CLANG_WARN_UNREACHABLE_CODE = YES;
				CLANG_WARN__DUPLICATE_METHOD_MATCH = YES;
				"CODE_SIGN_IDENTITY[sdk=iphoneos*]" = "iPhone Developer";
				COPY_PHASE_STRIP = NO;
				DEBUG_INFORMATION_FORMAT = "dwarf-with-dsym";
				ENABLE_NS_ASSERTIONS = NO;
				ENABLE_STRICT_OBJC_MSGSEND = YES;
				GCC_C_LANGUAGE_STANDARD = gnu99;
				GCC_NO_COMMON_BLOCKS = YES;
				GCC_WARN_64_TO_32_BIT_CONVERSION = YES;
				GCC_WARN_ABOUT_RETURN_TYPE = YES_ERROR;
				GCC_WARN_UNDECLARED_SELECTOR = YES;
				GCC_WARN_UNINITIALIZED_AUTOS = YES_AGGRESSIVE;
				GCC_WARN_UNUSED_FUNCTION = YES;
				GCC_WARN_UNUSED_VARIABLE = YES;
				IPHONEOS_DEPLOYMENT_TARGET = 10.3;
				MTL_ENABLE_DEBUG_INFO = NO;
				SDKROOT = iphoneos;
				SWIFT_OPTIMIZATION_LEVEL = "-Owholemodule";
				VALIDATE_PRODUCT = YES;
			};
			name = Release;
		};
		CC7E5E771EF2558300EEC608 /* Debug */ = {
			isa = XCBuildConfiguration;
			buildSettings = {
				ASSETCATALOG_COMPILER_APPICON_NAME = AppIcon;
				DEVELOPMENT_TEAM = 5Z222Q68CQ;
				INFOPLIST_FILE = numberButton/Info.plist;
				LD_RUNPATH_SEARCH_PATHS = "$(inherited) @executable_path/Frameworks";
				PRODUCT_BUNDLE_IDENTIFIER = com.numberButton;
				PRODUCT_NAME = "$(TARGET_NAME)";
				SWIFT_VERSION = 3.0;
			};
			name = Debug;
		};
		CC7E5E781EF2558300EEC608 /* Release */ = {
			isa = XCBuildConfiguration;
			buildSettings = {
				ASSETCATALOG_COMPILER_APPICON_NAME = AppIcon;
				DEVELOPMENT_TEAM = 5Z222Q68CQ;
				INFOPLIST_FILE = numberButton/Info.plist;
				LD_RUNPATH_SEARCH_PATHS = "$(inherited) @executable_path/Frameworks";
				PRODUCT_BUNDLE_IDENTIFIER = com.numberButton;
				PRODUCT_NAME = "$(TARGET_NAME)";
				SWIFT_VERSION = 3.0;
			};
			name = Release;
		};
		CC7E5E7A1EF2558300EEC608 /* Debug */ = {
			isa = XCBuildConfiguration;
			buildSettings = {
				ALWAYS_EMBED_SWIFT_STANDARD_LIBRARIES = YES;
				BUNDLE_LOADER = "$(TEST_HOST)";
				DEVELOPMENT_TEAM = 5Z222Q68CQ;
				INFOPLIST_FILE = numberButtonTests/Info.plist;
				LD_RUNPATH_SEARCH_PATHS = "$(inherited) @executable_path/Frameworks @loader_path/Frameworks";
				PRODUCT_BUNDLE_IDENTIFIER = com.numberButtonTests;
				PRODUCT_NAME = "$(TARGET_NAME)";
				SWIFT_VERSION = 3.0;
				TEST_HOST = "$(BUILT_PRODUCTS_DIR)/numberButton.app/numberButton";
			};
			name = Debug;
		};
		CC7E5E7B1EF2558300EEC608 /* Release */ = {
			isa = XCBuildConfiguration;
			buildSettings = {
				ALWAYS_EMBED_SWIFT_STANDARD_LIBRARIES = YES;
				BUNDLE_LOADER = "$(TEST_HOST)";
				DEVELOPMENT_TEAM = 5Z222Q68CQ;
				INFOPLIST_FILE = numberButtonTests/Info.plist;
				LD_RUNPATH_SEARCH_PATHS = "$(inherited) @executable_path/Frameworks @loader_path/Frameworks";
				PRODUCT_BUNDLE_IDENTIFIER = com.numberButtonTests;
				PRODUCT_NAME = "$(TARGET_NAME)";
				SWIFT_VERSION = 3.0;
				TEST_HOST = "$(BUILT_PRODUCTS_DIR)/numberButton.app/numberButton";
			};
			name = Release;
		};
		CC7E5E7D1EF2558300EEC608 /* Debug */ = {
			isa = XCBuildConfiguration;
			buildSettings = {
				ALWAYS_EMBED_SWIFT_STANDARD_LIBRARIES = YES;
				DEVELOPMENT_TEAM = 5Z222Q68CQ;
				INFOPLIST_FILE = numberButtonUITests/Info.plist;
				LD_RUNPATH_SEARCH_PATHS = "$(inherited) @executable_path/Frameworks @loader_path/Frameworks";
				PRODUCT_BUNDLE_IDENTIFIER = com.numberButtonUITests;
				PRODUCT_NAME = "$(TARGET_NAME)";
				SWIFT_VERSION = 3.0;
				TEST_TARGET_NAME = numberButton;
			};
			name = Debug;
		};
		CC7E5E7E1EF2558300EEC608 /* Release */ = {
			isa = XCBuildConfiguration;
			buildSettings = {
				ALWAYS_EMBED_SWIFT_STANDARD_LIBRARIES = YES;
				DEVELOPMENT_TEAM = 5Z222Q68CQ;
				INFOPLIST_FILE = numberButtonUITests/Info.plist;
				LD_RUNPATH_SEARCH_PATHS = "$(inherited) @executable_path/Frameworks @loader_path/Frameworks";
				PRODUCT_BUNDLE_IDENTIFIER = com.numberButtonUITests;
				PRODUCT_NAME = "$(TARGET_NAME)";
				SWIFT_VERSION = 3.0;
				TEST_TARGET_NAME = numberButton;
			};
			name = Release;
		};
/* End XCBuildConfiguration section */

/* Begin XCConfigurationList section */
		CC7E5E491EF2558200EEC608 /* Build configuration list for PBXProject "numberButton" */ = {
			isa = XCConfigurationList;
			buildConfigurations = (
				CC7E5E741EF2558300EEC608 /* Debug */,
				CC7E5E751EF2558300EEC608 /* Release */,
			);
			defaultConfigurationIsVisible = 0;
			defaultConfigurationName = Release;
		};
		CC7E5E761EF2558300EEC608 /* Build configuration list for PBXNativeTarget "numberButton" */ = {
			isa = XCConfigurationList;
			buildConfigurations = (
				CC7E5E771EF2558300EEC608 /* Debug */,
				CC7E5E781EF2558300EEC608 /* Release */,
			);
			defaultConfigurationIsVisible = 0;
			defaultConfigurationName = Release;
		};
		CC7E5E791EF2558300EEC608 /* Build configuration list for PBXNativeTarget "numberButtonTests" */ = {
			isa = XCConfigurationList;
			buildConfigurations = (
				CC7E5E7A1EF2558300EEC608 /* Debug */,
				CC7E5E7B1EF2558300EEC608 /* Release */,
			);
			defaultConfigurationIsVisible = 0;
			defaultConfigurationName = Release;
		};
		CC7E5E7C1EF2558300EEC608 /* Build configuration list for PBXNativeTarget "numberButtonUITests" */ = {
			isa = XCConfigurationList;
			buildConfigurations = (
				CC7E5E7D1EF2558300EEC608 /* Debug */,
				CC7E5E7E1EF2558300EEC608 /* Release */,
			);
			defaultConfigurationIsVisible = 0;
			defaultConfigurationName = Release;
		};
/* End XCConfigurationList section */
	};
	rootObject = CC7E5E461EF2558200EEC608 /* Project object */;
}
